
Microsoft Visual Studio Solution File, Format Version 12.00
# Visual Studio Version 17
VisualStudioVersion = 17.6.33801.468
MinimumVisualStudioVersion = 10.0.40219.1
Project("{9A19103F-16F7-4668-BE54-9A1E7A4F7556}") = "OpenAI.API", "OpenAI.API\OpenAI.API.csproj", "{3BE0BCE0-C22F-43D8-919E-FB6A804E4802}"
EndProject
Project("{FAE04EC0-301F-11D3-BF4B-00C04F79EFBC}") = "OpenAi4.API", "OpenAi4.0.API\OpenAi4.API.csproj", "{35207B4A-8C3A-4C46-8F08-84EDE84C24A5}"
EndProject
Global
	GlobalSection(SolutionConfigurationPlatforms) = preSolution
		Debug|Any CPU = Debug|Any CPU
		Release|Any CPU = Release|Any CPU
	EndGlobalSection
	GlobalSection(ProjectConfigurationPlatforms) = postSolution
		{3BE0BCE0-C22F-43D8-919E-FB6A804E4802}.Debug|Any CPU.ActiveCfg = Debug|Any CPU
		{3BE0BCE0-C22F-43D8-919E-FB6A804E4802}.Debug|Any CPU.Build.0 = Debug|Any CPU
		{3BE0BCE0-C22F-43D8-919E-FB6A804E4802}.Release|Any CPU.ActiveCfg = Release|Any CPU
		{3BE0BCE0-C22F-43D8-919E-FB6A804E4802}.Release|Any CPU.Build.0 = Release|Any CPU
		{35207B4A-8C3A-4C46-8F08-84EDE84C24A5}.Debug|Any CPU.ActiveCfg = Debug|Any CPU
		{35207B4A-8C3A-4C46-8F08-84EDE84C24A5}.Debug|Any CPU.Build.0 = Debug|Any CPU
		{35207B4A-8C3A-4C46-8F08-84EDE84C24A5}.Release|Any CPU.ActiveCfg = Release|Any CPU
		{35207B4A-8C3A-4C46-8F08-84EDE84C24A5}.Release|Any CPU.Build.0 = Release|Any CPU
	EndGlobalSection
	GlobalSection(SolutionProperties) = preSolution
		HideSolutionNode = FALSE
	EndGlobalSection
	GlobalSection(ExtensibilityGlobals) = postSolution
		SolutionGuid = {E4F6174B-03D1-4403-BA05-E4A059363F7F}
	EndGlobalSection
EndGlobal
